
Microsoft Visual Studio Solution File, Format Version 12.00
# Visual Studio Version 16
VisualStudioVersion = 16.0.29709.97
MinimumVisualStudioVersion = 10.0.40219.1
Project("{FAE04EC0-301F-11D3-BF4B-00C04F79EFBC}") = "speechtotext_wpf_core", "speechtotext_wpf_core\speechtotext_wpf_core.csproj", "{11151C67-A149-43D5-90CE-8C9E1CDC361E}"
EndProject
Global
	GlobalSection(SolutionConfigurationPlatforms) = preSolution
		Debug|Any CPU = Debug|Any CPU
		Release|Any CPU = Release|Any CPU
	EndGlobalSection
	GlobalSection(ProjectConfigurationPlatforms) = postSolution
		{11151C67-A149-43D5-90CE-8C9E1CDC361E}.Debug|Any CPU.ActiveCfg = Debug|Any CPU
		{11151C67-A149-43D5-90CE-8C9E1CDC361E}.Debug|Any CPU.Build.0 = Debug|Any CPU
		{11151C67-A149-43D5-90CE-8C9E1CDC361E}.Release|Any CPU.ActiveCfg = Release|Any CPU
		{11151C67-A149-43D5-90CE-8C9E1CDC361E}.Release|Any CPU.Build.0 = Release|Any CPU
	EndGlobalSection
	GlobalSection(SolutionProperties) = preSolution
		HideSolutionNode = FALSE
	EndGlobalSection
	GlobalSection(ExtensibilityGlobals) = postSolution
		SolutionGuid = {DCBC470D-A614-4DDF-8266-4B8F8EF3151E}
	EndGlobalSection
EndGlobal
